
Microsoft Visual Studio Solution File, Format Version 12.00
# Visual Studio Version 16
VisualStudioVersion = 16.0.30717.126
MinimumVisualStudioVersion = 10.0.40219.1
Project("{FAE04EC0-301F-11D3-BF4B-00C04F79EFBC}") = "DynamicDataInput", "DynamicDataInput\DynamicDataInput.csproj", "{7CF94475-A8C7-42AE-A806-2504B7834B10}"
EndProject
Project("{FAE04EC0-301F-11D3-BF4B-00C04F79EFBC}") = "DynamicDataInput.Tests", "DynamicDataInput.Tests\DynamicDataInput.Tests.csproj", "{54C6F9B3-B992-4A2C-B175-431128C19B5B}"
EndProject
Global
	GlobalSection(SolutionConfigurationPlatforms) = preSolution
		Debug|Any CPU = Debug|Any CPU
		Release|Any CPU = Release|Any CPU
	EndGlobalSection
	GlobalSection(ProjectConfigurationPlatforms) = postSolution
		{7CF94475-A8C7-42AE-A806-2504B7834B10}.Debug|Any CPU.ActiveCfg = Debug|Any CPU
		{7CF94475-A8C7-42AE-A806-2504B7834B10}.Debug|Any CPU.Build.0 = Debug|Any CPU
		{7CF94475-A8C7-42AE-A806-2504B7834B10}.Release|Any CPU.ActiveCfg = Release|Any CPU
		{7CF94475-A8C7-42AE-A806-2504B7834B10}.Release|Any CPU.Build.0 = Release|Any CPU
		{54C6F9B3-B992-4A2C-B175-431128C19B5B}.Debug|Any CPU.ActiveCfg = Debug|Any CPU
		{54C6F9B3-B992-4A2C-B175-431128C19B5B}.Debug|Any CPU.Build.0 = Debug|Any CPU
		{54C6F9B3-B992-4A2C-B175-431128C19B5B}.Release|Any CPU.ActiveCfg = Release|Any CPU
		{54C6F9B3-B992-4A2C-B175-431128C19B5B}.Release|Any CPU.Build.0 = Release|Any CPU
	EndGlobalSection
	GlobalSection(SolutionProperties) = preSolution
		HideSolutionNode = FALSE
	EndGlobalSection
	GlobalSection(ExtensibilityGlobals) = postSolution
		SolutionGuid = {23E4052D-6B00-4426-862A-AB439E22D971}
	EndGlobalSection
EndGlobal
